
Microsoft Visual Studio Solution File, Format Version 12.00
# Visual Studio Version 17
VisualStudioVersion = 17.13.35806.99 d17.13
MinimumVisualStudioVersion = 10.0.40219.1
Project("{FAE04EC0-301F-11D3-BF4B-00C04F79EFBC}") = "GestaoIA", "GestaoIA\GestaoIA.csproj", "{6E5B9830-DEA1-4C7B-B4E1-900E657FE8A5}"
EndProject
Global
	GlobalSection(SolutionConfigurationPlatforms) = preSolution
		Debug|Any CPU = Debug|Any CPU
		Release|Any CPU = Release|Any CPU
	EndGlobalSection
	GlobalSection(ProjectConfigurationPlatforms) = postSolution
		{6E5B9830-DEA1-4C7B-B4E1-900E657FE8A5}.Debug|Any CPU.ActiveCfg = Debug|Any CPU
		{6E5B9830-DEA1-4C7B-B4E1-900E657FE8A5}.Debug|Any CPU.Build.0 = Debug|Any CPU
		{6E5B9830-DEA1-4C7B-B4E1-900E657FE8A5}.Release|Any CPU.ActiveCfg = Release|Any CPU
		{6E5B9830-DEA1-4C7B-B4E1-900E657FE8A5}.Release|Any CPU.Build.0 = Release|Any CPU
	EndGlobalSection
	GlobalSection(SolutionProperties) = preSolution
		HideSolutionNode = FALSE
	EndGlobalSection
	GlobalSection(ExtensibilityGlobals) = postSolution
		SolutionGuid = {5EDEDC40-DA87-4DD4-8DB7-AE3C526827E3}
	EndGlobalSection
EndGlobal
